{
    "hash": "e6077b7584bf335ccdb26768c4859d45",
    "packages": [
        {
            "name": "Respect/Rest",
            "version": "0.5.1",
            "source": {
                "type": "git",
                "url": "git://github.com/Respect/Rest.git",
                "reference": "0.5.1"
            },
            "dist": {
                "type": "zip",
                "url": "https://github.com/Respect/Rest/zipball/0.5.1",
                "reference": "0.5.1",
                "shasum": ""
            },
            "time": "2012-09-16 23:16:41",
            "type": "library",
            "installation-source": "dist",
            "autoload": {
                "psr-0": {
                    "Respect\\Rest": "library/"
                }
            },
            "license": [
                "BSD Style"
            ],
            "authors": [
                {
                    "name": "Henrique Moody",
                    "email": "henriquemoody@gmail.com",
                    "homepage": "http://henriquemoody.com/"
                },
                {
                    "name": "Alexandre Gomes Gaigalas",
                    "email": "alexandre@gaigalas.net"
                },
                {
                    "name": "Augusto Pascutti",
                    "email": "contato@augustopascutti.com"
                },
                {
                    "name": "Alexandre Gaigalas",
                    "email": "alganet@alganet-workstation.(none)"
                },
                {
                    "name": "kleberhs007",
                    "email": "kleberhs007@yahoo.com"
                },
                {
                    "name": "Leandro",
                    "email": "lleitep3@gmail.com"
                },
                {
                    "name": "Rogerio Prado de Jesus",
                    "email": "rogeriopradoj@gmail.com"
                },
                {
                    "name": "Alexandre Gaigalas",
                    "email": "alexandre@gaiaglas.net"
                },
                {
                    "name": "Anderson Casimiro",
                    "email": "duodraco@duo.draco"
                },
                {
                    "name": "Anderson Casimiro",
                    "email": "duodraco@gmail.com"
                },
                {
                    "name": "Augusto Pascutti",
                    "email": "augusto@phpsp.org.br"
                },
                {
                    "name": "Ben Ramsey",
                    "email": "ben@benramsey.com"
                },
                {
                    "name": "eduardomarcate",
                    "email": "eduardo@marcate.info"
                },
                {
                    "name": "Eduardo M. Garcia",
                    "email": "eduardo@debian.elam"
                },
                {
                    "name": "Nick Rawe",
                    "email": "nickrawe2@gmail.com"
                },
                {
                    "name": "Pablo Lacerda de Miranda",
                    "email": "pablolmiranda@gmail.com"
                },
                {
                    "name": "wesleyvicthor",
                    "email": "w.v.mendes.s@gmail.com"
                }
            ],
            "description": "Thin controller for RESTful applications"
        }
    ],
    "packages-dev": null,
    "aliases": [

    ],
    "minimum-stability": "stable",
    "stability-flags": [

    ]
}
